Microsoft Visual Studio Solution File, Format Version 12.00
# Visual Studio Version 17
VisualStudioVersion = 17.5.2.0
MinimumVisualStudioVersion = 10.0.40219.1
Project("{FAE04EC0-301F-11D3-BF4B-00C04F79EFBC}") = "TaskTrackerCli", "TaskTrackerCli.csproj", "{3822AB6E-C79C-3FB2-F2D0-92721C9F00E6}"
EndProject
Global
	GlobalSection(SolutionConfigurationPlatforms) = preSolution
		Debug|Any CPU = Debug|Any CPU
		Release|Any CPU = Release|Any CPU
	EndGlobalSection
	GlobalSection(ProjectConfigurationPlatforms) = postSolution
		{3822AB6E-C79C-3FB2-F2D0-92721C9F00E6}.Debug|Any CPU.ActiveCfg = Debug|Any CPU
		{3822AB6E-C79C-3FB2-F2D0-92721C9F00E6}.Debug|Any CPU.Build.0 = Debug|Any CPU
		{3822AB6E-C79C-3FB2-F2D0-92721C9F00E6}.Release|Any CPU.ActiveCfg = Release|Any CPU
		{3822AB6E-C79C-3FB2-F2D0-92721C9F00E6}.Release|Any CPU.Build.0 = Release|Any CPU
	EndGlobalSection
	GlobalSection(SolutionProperties) = preSolution
		HideSolutionNode = FALSE
	EndGlobalSection
	GlobalSection(ExtensibilityGlobals) = postSolution
		SolutionGuid = {D4B9DD5D-3437-442D-B55F-923E85AA59E7}
	EndGlobalSection
EndGlobal
